
Microsoft Visual Studio Solution File, Format Version 12.00
# Visual Studio Version 17
VisualStudioVersion = 17.8.34330.188
MinimumVisualStudioVersion = 10.0.40219.1
Project("{FAE04EC0-301F-11D3-BF4B-00C04F79EFBC}") = "composition", "composition.csproj", "{08BE9778-C422-45DF-861D-8D6C4A37D5EE}"
EndProject
Global
	GlobalSection(SolutionConfigurationPlatforms) = preSolution
		Debug|Any CPU = Debug|Any CPU
		Release|Any CPU = Release|Any CPU
	EndGlobalSection
	GlobalSection(ProjectConfigurationPlatforms) = postSolution
		{08BE9778-C422-45DF-861D-8D6C4A37D5EE}.Debug|Any CPU.ActiveCfg = Debug|Any CPU
		{08BE9778-C422-45DF-861D-8D6C4A37D5EE}.Debug|Any CPU.Build.0 = Debug|Any CPU
		{08BE9778-C422-45DF-861D-8D6C4A37D5EE}.Release|Any CPU.ActiveCfg = Release|Any CPU
		{08BE9778-C422-45DF-861D-8D6C4A37D5EE}.Release|Any CPU.Build.0 = Release|Any CPU
	EndGlobalSection
	GlobalSection(SolutionProperties) = preSolution
		HideSolutionNode = FALSE
	EndGlobalSection
	GlobalSection(ExtensibilityGlobals) = postSolution
		SolutionGuid = {0D9F2F0F-C018-4A26-B292-44CDA1B11D07}
	EndGlobalSection
EndGlobal
